<?xml version="1.0" encoding="utf-8"?>
<Project ToolsVersion="4.0" xmlns="http://schemas.microsoft.com/developer/msbuild/2003">
  <ItemGroup>
    <ClCompile Include="DebugAIViewer.cpp" />
    <ClCompile Include="ExternalGenericAIProvider.cpp" />
    <ClCompile Include="..\..\Protocol\DebugProtocol.cpp" />
  </ItemGroup>
  <ItemGroup>
    <ClInclude Include="ExternalGenericAIProvider.h" />
  </ItemGroup>
</Project>
